
Microsoft Visual Studio Solution File, Format Version 12.00
# Visual Studio Version 17
VisualStudioVersion = 17.14.36804.6
MinimumVisualStudioVersion = 10.0.40219.1
Project("{FAE04EC0-301F-11D3-BF4B-00C04F79EFBC}") = "QRCode_Generator", "QRCode_Generator\QRCode_Generator.csproj", "{9DD05786-85D0-46FB-AA5E-A6DE4E578B81}"
EndProject
Global
	GlobalSection(SolutionConfigurationPlatforms) = preSolution
		Debug|Any CPU = Debug|Any CPU
		Release|Any CPU = Release|Any CPU
	EndGlobalSection
	GlobalSection(ProjectConfigurationPlatforms) = postSolution
		{9DD05786-85D0-46FB-AA5E-A6DE4E578B81}.Debug|Any CPU.ActiveCfg = Debug|Any CPU
		{9DD05786-85D0-46FB-AA5E-A6DE4E578B81}.Debug|Any CPU.Build.0 = Debug|Any CPU
		{9DD05786-85D0-46FB-AA5E-A6DE4E578B81}.Release|Any CPU.ActiveCfg = Release|Any CPU
		{9DD05786-85D0-46FB-AA5E-A6DE4E578B81}.Release|Any CPU.Build.0 = Release|Any CPU
	EndGlobalSection
	GlobalSection(SolutionProperties) = preSolution
		HideSolutionNode = FALSE
	EndGlobalSection
	GlobalSection(ExtensibilityGlobals) = postSolution
		SolutionGuid = {BE3DA07B-DFCA-4EC0-9156-B42DD504828E}
	EndGlobalSection
EndGlobal
